
Microsoft Visual Studio Solution File, Format Version 12.00
# Visual Studio Version 17
VisualStudioVersion = 17.4.33205.214
MinimumVisualStudioVersion = 10.0.40219.1
Project("{8BC9CEB8-8B4A-11D0-8D11-00A0C91BC942}") = "HelloSDL", "HelloSDL\HelloSDL.vcxproj", "{A0348F4F-D1F3-4E6A-97FF-04B482C0CE60}"
EndProject
Project("{8BC9CEB8-8B4A-11D0-8D11-00A0C91BC942}") = "WorldSystem", "WorldSystem\WorldSystem.vcxproj", "{F0D71661-EF71-4915-B1F8-62DE173BA00E}"
EndProject
Project("{8BC9CEB8-8B4A-11D0-8D11-00A0C91BC942}") = "TestRunner", "TestRunner\TestRunner.vcxproj", "{5E6CEE3D-633A-4F83-80D4-3D09A160EEB5}"
EndProject
Global
	GlobalSection(SolutionConfigurationPlatforms) = preSolution
		Debug|Any CPU = Debug|Any CPU
		Debug|x64 = Debug|x64
		Debug|x86 = Debug|x86
		Release|Any CPU = Release|Any CPU
		Release|x64 = Release|x64
		Release|x86 = Release|x86
	EndGlobalSection
	GlobalSection(ProjectConfigurationPlatforms) = postSolution
		{A0348F4F-D1F3-4E6A-97FF-04B482C0CE60}.Debug|Any CPU.ActiveCfg = Debug|x64
		{A0348F4F-D1F3-4E6A-97FF-04B482C0CE60}.Debug|Any CPU.Build.0 = Debug|x64
		{A0348F4F-D1F3-4E6A-97FF-04B482C0CE60}.Debug|x64.ActiveCfg = Debug|x64
		{A0348F4F-D1F3-4E6A-97FF-04B482C0CE60}.Debug|x64.Build.0 = Debug|x64
		{A0348F4F-D1F3-4E6A-97FF-04B482C0CE60}.Debug|x86.ActiveCfg = Debug|Win32
		{A0348F4F-D1F3-4E6A-97FF-04B482C0CE60}.Debug|x86.Build.0 = Debug|Win32
		{A0348F4F-D1F3-4E6A-97FF-04B482C0CE60}.Release|Any CPU.ActiveCfg = Release|x64
		{A0348F4F-D1F3-4E6A-97FF-04B482C0CE60}.Release|Any CPU.Build.0 = Release|x64
		{A0348F4F-D1F3-4E6A-97FF-04B482C0CE60}.Release|x64.ActiveCfg = Release|x64
		{A0348F4F-D1F3-4E6A-97FF-04B482C0CE60}.Release|x64.Build.0 = Release|x64
		{A0348F4F-D1F3-4E6A-97FF-04B482C0CE60}.Release|x86.ActiveCfg = Release|Win32
		{A0348F4F-D1F3-4E6A-97FF-04B482C0CE60}.Release|x86.Build.0 = Release|Win32
		{F0D71661-EF71-4915-B1F8-62DE173BA00E}.Debug|Any CPU.ActiveCfg = Debug|x64
		{F0D71661-EF71-4915-B1F8-62DE173BA00E}.Debug|Any CPU.Build.0 = Debug|x64
		{F0D71661-EF71-4915-B1F8-62DE173BA00E}.Debug|x64.ActiveCfg = Debug|x64
		{F0D71661-EF71-4915-B1F8-62DE173BA00E}.Debug|x64.Build.0 = Debug|x64
		{F0D71661-EF71-4915-B1F8-62DE173BA00E}.Debug|x86.ActiveCfg = Debug|Win32
		{F0D71661-EF71-4915-B1F8-62DE173BA00E}.Debug|x86.Build.0 = Debug|Win32
		{F0D71661-EF71-4915-B1F8-62DE173BA00E}.Release|Any CPU.ActiveCfg = Release|x64
		{F0D71661-EF71-4915-B1F8-62DE173BA00E}.Release|Any CPU.Build.0 = Release|x64
		{F0D71661-EF71-4915-B1F8-62DE173BA00E}.Release|x64.ActiveCfg = Release|x64
		{F0D71661-EF71-4915-B1F8-62DE173BA00E}.Release|x64.Build.0 = Release|x64
		{F0D71661-EF71-4915-B1F8-62DE173BA00E}.Release|x86.ActiveCfg = Release|Win32
		{F0D71661-EF71-4915-B1F8-62DE173BA00E}.Release|x86.Build.0 = Release|Win32
		{5E6CEE3D-633A-4F83-80D4-3D09A160EEB5}.Debug|Any CPU.ActiveCfg = Debug|x64
		{5E6CEE3D-633A-4F83-80D4-3D09A160EEB5}.Debug|Any CPU.Build.0 = Debug|x64
		{5E6CEE3D-633A-4F83-80D4-3D09A160EEB5}.Debug|x64.ActiveCfg = Debug|x64
		{5E6CEE3D-633A-4F83-80D4-3D09A160EEB5}.Debug|x64.Build.0 = Debug|x64
		{5E6CEE3D-633A-4F83-80D4-3D09A160EEB5}.Debug|x86.ActiveCfg = Debug|Win32
		{5E6CEE3D-633A-4F83-80D4-3D09A160EEB5}.Debug|x86.Build.0 = Debug|Win32
		{5E6CEE3D-633A-4F83-80D4-3D09A160EEB5}.Release|Any CPU.ActiveCfg = Release|x64
		{5E6CEE3D-633A-4F83-80D4-3D09A160EEB5}.Release|Any CPU.Build.0 = Release|x64
		{5E6CEE3D-633A-4F83-80D4-3D09A160EEB5}.Release|x64.ActiveCfg = Release|x64
		{5E6CEE3D-633A-4F83-80D4-3D09A160EEB5}.Release|x64.Build.0 = Release|x64
		{5E6CEE3D-633A-4F83-80D4-3D09A160EEB5}.Release|x86.ActiveCfg = Release|Win32
		{5E6CEE3D-633A-4F83-80D4-3D09A160EEB5}.Release|x86.Build.0 = Release|Win32
	EndGlobalSection
	GlobalSection(SolutionProperties) = preSolution
		HideSolutionNode = FALSE
	EndGlobalSection
	GlobalSection(ExtensibilityGlobals) = postSolution
		SolutionGuid = {2192AD04-FCDF-4160-A1C3-C9B9AA48C728}
	EndGlobalSection
EndGlobal
